
Microsoft Visual Studio Solution File, Format Version 12.00
# Visual Studio Version 17
VisualStudioVersion = 17.9.34714.143
MinimumVisualStudioVersion = 10.0.40219.1
Project("{FAE04EC0-301F-11D3-BF4B-00C04F79EFBC}") = "DSWI_EF_MVC_OcampoWilmer", "DSWI_EF_MVC_OcampoWilmer\DSWI_EF_MVC_OcampoWilmer.csproj", "{4BEC58CC-9197-4E8C-986D-207940F3A36D}"
EndProject
Global
	GlobalSection(SolutionConfigurationPlatforms) = preSolution
		Debug|Any CPU = Debug|Any CPU
		Release|Any CPU = Release|Any CPU
	EndGlobalSection
	GlobalSection(ProjectConfigurationPlatforms) = postSolution
		{4BEC58CC-9197-4E8C-986D-207940F3A36D}.Debug|Any CPU.ActiveCfg = Debug|Any CPU
		{4BEC58CC-9197-4E8C-986D-207940F3A36D}.Debug|Any CPU.Build.0 = Debug|Any CPU
		{4BEC58CC-9197-4E8C-986D-207940F3A36D}.Release|Any CPU.ActiveCfg = Release|Any CPU
		{4BEC58CC-9197-4E8C-986D-207940F3A36D}.Release|Any CPU.Build.0 = Release|Any CPU
	EndGlobalSection
	GlobalSection(SolutionProperties) = preSolution
		HideSolutionNode = FALSE
	EndGlobalSection
	GlobalSection(ExtensibilityGlobals) = postSolution
		SolutionGuid = {C5BB9161-BD9B-42EE-B8D1-A514F0C6CDCC}
	EndGlobalSection
EndGlobal
